version = 1
revision = 3
requires-python = ">=3.12"

[[package]]
name = "click"
version = "8.3.1"
source = { registry = "https://pypi.org/simple" }
dependencies = [
    { name = "colorama", marker = "sys_platform == 'win32'" },
]
sdist = { url = "https://files.pythonhosted.org/packages/3d/fa/656b739db8587d7b5dfa22e22ed02566950fbfbcdc20311993483657a5c0/click-8.3.1.tar.gz", hash = "sha256:12ff4785d337a1bb490bb7e9c2b1ee5da3112e94a8622f26a6c77f5d2fc6842a", size = 295065, upload-time = "2025-11-15T20:45:42.706Z" }
wheels = [
    { url = "https://files.pythonhosted.org/packages/98/78/01c019cdb5d6498122777c1a43056ebb3ebfeef2076d9d026bfe15583b2b/click-8.3.1-py3-none-any.whl", hash = "sha256:981153a64e25f12d547d3426c367a4857371575ee7ad18df2a6183ab0545b2a6", size = 108274, upload-time = "2025-11-15T20:45:41.139Z" },
]

[[package]]
name = "colorama"
version = "0.4.6"
source = { registry = "https://pypi.org/simple" }
sdist = { url = "https://files.pythonhosted.org/packages/d8/53/6f443c9a4a8358a93a6792e2acffb9d9d5cb0a5cfd8802644b7b1c9a02e4/colorama-0.4.6.tar.gz", hash = "sha256:08695f5cb7ed6e0531a20572697297273c47b8cae5a63ffc6d6ed5c201be6e44", size = 27697, upload-time = "2022-10-25T02:36:22.414Z" }
wheels = [
    { url = "https://files.pythonhosted.org/packages/d1/d6/3965ed04c63042e047cb6a3e6ed1a63a35087b6a609aa3a15ed8ac56c221/colorama-0.4.6-py2.py3-none-any.whl", hash = "sha256:4f1d9991f5acc0ca119f9d443620b77f9d6b33703e51011c16baf57afb285fc6", size = 25335, upload-time = "2022-10-25T02:36:20.889Z" },
]

[[package]]
name = "gigsly"
version = "0.1.0"
source = { editable = "." }
dependencies = [
    { name = "click" },
    { name = "icalendar" },
    { name = "sqlalchemy" },
    { name = "textual" },
    { name = "tomli-w" },
]

[package.dev-dependencies]
dev = [
    { name = "pytest" },
    { name = "pytest-asyncio" },
]

[package.metadata]
requires-dist = [
    { name = "click", specifier = ">=8.1.0" },
    { name = "icalendar", specifier = ">=5.0.0" },
    { name = "sqlalchemy", specifier = ">=2.0.0" },
    { name = "textual", specifier = ">=0.47.0" },
    { name = "tomli", marker = "python_full_version < '3.11'", specifier = ">=2.0.0" },
    { name = "tomli-w", specifier = ">=1.0.0" },
]

[package.metadata.requires-dev]
dev = [
    { name = "pytest", specifier = ">=8.0.0" },
    { name = "pytest-asyncio", specifier = ">=0.24.0" },
]

[[package]]
name = "greenlet"
version = "3.3.1"
source = { registry = "https://pypi.org/simple" }
sdist = { url = "https://files.pythonhosted.org/packages/8a/99/1cd3411c56a410994669062bd73dd58270c00cc074cac15f385a1fd91f8a/greenlet-3.3.1.tar.gz", hash = "sha256:41848f3230b58c08bb43dee542e74a2a2e34d3c59dc3076cec9151aeeedcae98", size = 184690, upload-time = "2026-01-23T15:31:02.076Z" }
wheels = [
    { url = "https://files.pythonhosted.org/packages/f9/c8/9d76a66421d1ae24340dfae7e79c313957f6e3195c144d2c73333b5bfe34/greenlet-3.3.1-cp312-cp312-macosx_11_0_universal2.whl", hash = "sha256:7e806ca53acf6d15a888405880766ec84721aa4181261cd11a457dfe9a7a4975", size = 276443, upload-time = "2026-01-23T15:30:10.066Z" },
    { url = "https://files.pythonhosted.org/packages/81/99/401ff34bb3c032d1f10477d199724f5e5f6fbfb59816ad1455c79c1eb8e7/greenlet-3.3.1-cp312-cp312-manylinux_2_24_aarch64.manylinux_2_28_aarch64.whl", hash = "sha256:d842c94b9155f1c9b3058036c24ffb8ff78b428414a19792b2380be9cecf4f36", size = 597359, upload-time = "2026-01-23T16:00:57.394Z" },
    { url = "https://files.pythonhosted.org/packages/2b/bc/4dcc0871ed557792d304f50be0f7487a14e017952ec689effe2180a6ff35/greenlet-3.3.1-cp312-cp312-manylinux_2_24_ppc64le.manylinux_2_28_ppc64le.whl", hash = "sha256:20fedaadd422fa02695f82093f9a98bad3dab5fcda793c658b945fcde2ab27ba", size = 607805, upload-time = "2026-01-23T16:05:28.068Z" },
    { url = "https://files.pythonhosted.org/packages/cf/05/821587cf19e2ce1f2b24945d890b164401e5085f9d09cbd969b0c193cd20/greenlet-3.3.1-cp312-cp312-manylinux_2_24_x86_64.manylinux_2_28_x86_64.whl", hash = "sha256:14194f5f4305800ff329cbf02c5fcc88f01886cadd29941b807668a45f0d2336", size = 609947, upload-time = "2026-01-23T15:32:51.004Z" },
    { url = "https://files.pythonhosted.org/packages/a4/52/ee8c46ed9f8babaa93a19e577f26e3d28a519feac6350ed6f25f1afee7e9/greenlet-3.3.1-cp312-cp312-musllinux_1_2_aarch64.whl", hash = "sha256:7b2fe4150a0cf59f847a67db8c155ac36aed89080a6a639e9f16df5d6c6096f1", size = 1567487, upload-time = "2026-01-23T16:04:22.125Z" },
    { url = "https://files.pythonhosted.org/packages/8f/7c/456a74f07029597626f3a6db71b273a3632aecb9afafeeca452cfa633197/greenlet-3.3.1-cp312-cp312-musllinux_1_2_x86_64.whl", hash = "sha256:49f4ad195d45f4a66a0eb9c1ba4832bb380570d361912fa3554746830d332149", size = 1636087, upload-time = "2026-01-23T15:33:47.486Z" },
    { url = "https://files.pythonhosted.org/packages/34/2f/5e0e41f33c69655300a5e54aeb637cf8ff57f1786a3aba374eacc0228c1d/greenlet-3.3.1-cp312-cp312-win_amd64.whl", hash = "sha256:cc98b9c4e4870fa983436afa999d4eb16b12872fab7071423d5262fa7120d57a", size = 227156, upload-time = "2026-01-23T15:34:34.808Z" },
    { url = "https://files.pythonhosted.org/packages/c8/ab/717c58343cf02c5265b531384b248787e04d8160b8afe53d9eec053d7b44/greenlet-3.3.1-cp312-cp312-win_arm64.whl", hash = "sha256:bfb2d1763d777de5ee495c85309460f6fd8146e50ec9d0ae0183dbf6f0a829d1", size = 226403, upload-time = "2026-01-23T15:31:39.372Z" },
    { url = "https://files.pythonhosted.org/packages/ec/ab/d26750f2b7242c2b90ea2ad71de70cfcd73a948a49513188a0fc0d6fc15a/greenlet-3.3.1-cp313-cp313-macosx_11_0_universal2.whl", hash = "sha256:7ab327905cabb0622adca5971e488064e35115430cec2c35a50fd36e72a315b3", size = 275205, upload-time = "2026-01-23T15:30:24.556Z" },
    { url = "https://files.pythonhosted.org/packages/10/d3/be7d19e8fad7c5a78eeefb2d896a08cd4643e1e90c605c4be3b46264998f/greenlet-3.3.1-cp313-cp313-manylinux_2_24_aarch64.manylinux_2_28_aarch64.whl", hash = "sha256:65be2f026ca6a176f88fb935ee23c18333ccea97048076aef4db1ef5bc0713ac", size = 599284, upload-time = "2026-01-23T16:00:58.584Z" },
    { url = "https://files.pythonhosted.org/packages/ae/21/fe703aaa056fdb0f17e5afd4b5c80195bbdab701208918938bd15b00d39b/greenlet-3.3.1-cp313-cp313-manylinux_2_24_ppc64le.manylinux_2_28_ppc64le.whl", hash = "sha256:7a3ae05b3d225b4155bda56b072ceb09d05e974bc74be6c3fc15463cf69f33fd", size = 610274, upload-time = "2026-01-23T16:05:29.312Z" },
    { url = "https://files.pythonhosted.org/packages/cb/86/5c6ab23bb3c28c21ed6bebad006515cfe08b04613eb105ca0041fecca852/greenlet-3.3.1-cp313-cp313-manylinux_2_24_x86_64.manylinux_2_28_x86_64.whl", hash = "sha256:6423481193bbbe871313de5fd06a082f2649e7ce6e08015d2a76c1e9186ca5b3", size = 612904, upload-time = "2026-01-23T15:32:52.317Z" },
    { url = "https://files.pythonhosted.org/packages/c2/f3/7949994264e22639e40718c2daf6f6df5169bf48fb038c008a489ec53a50/greenlet-3.3.1-cp313-cp313-musllinux_1_2_aarch64.whl", hash = "sha256:33a956fe78bbbda82bfc95e128d61129b32d66bcf0a20a1f0c08aa4839ffa951", size = 1567316, upload-time = "2026-01-23T16:04:23.316Z" },
    { url = "https://files.pythonhosted.org/packages/8d/6e/d73c94d13b6465e9f7cd6231c68abde838bb22408596c05d9059830b7872/greenlet-3.3.1-cp313-cp313-musllinux_1_2_x86_64.whl", hash = "sha256:4b065d3284be43728dd280f6f9a13990b56470b81be20375a207cdc814a983f2", size = 1636549, upload-time = "2026-01-23T15:33:48.643Z" },
    { url = "https://files.pythonhosted.org/packages/5e/b3/c9c23a6478b3bcc91f979ce4ca50879e4d0b2bd7b9a53d8ecded719b92e2/greenlet-3.3.1-cp313-cp313-win_amd64.whl", hash = "sha256:27289986f4e5b0edec7b5a91063c109f0276abb09a7e9bdab08437525977c946", size = 227042, upload-time = "2026-01-23T15:33:58.216Z" },
    { url = "https://files.pythonhosted.org/packages/90/e7/824beda656097edee36ab15809fd063447b200cc03a7f6a24c34d520bc88/greenlet-3.3.1-cp313-cp313-win_arm64.whl", hash = "sha256:2f080e028001c5273e0b42690eaf359aeef9cb1389da0f171ea51a5dc3c7608d", size = 226294, upload-time = "2026-01-23T15:30:52.73Z" },
    { url = "https://files.pythonhosted.org/packages/ae/fb/011c7c717213182caf78084a9bea51c8590b0afda98001f69d9f853a495b/greenlet-3.3.1-cp314-cp314-macosx_11_0_universal2.whl", hash = "sha256:bd59acd8529b372775cd0fcbc5f420ae20681c5b045ce25bd453ed8455ab99b5", size = 275737, upload-time = "2026-01-23T15:32:16.889Z" },
    { url = "https://files.pythonhosted.org/packages/41/2e/a3a417d620363fdbb08a48b1dd582956a46a61bf8fd27ee8164f9dfe87c2/greenlet-3.3.1-cp314-cp314-manylinux_2_24_aarch64.manylinux_2_28_aarch64.whl", hash = "sha256:b31c05dd84ef6871dd47120386aed35323c944d86c3d91a17c4b8d23df62f15b", size = 646422, upload-time = "2026-01-23T16:01:00.354Z" },
    { url = "https://files.pythonhosted.org/packages/b4/09/c6c4a0db47defafd2d6bab8ddfe47ad19963b4e30f5bed84d75328059f8c/greenlet-3.3.1-cp314-cp314-manylinux_2_24_ppc64le.manylinux_2_28_ppc64le.whl", hash = "sha256:02925a0bfffc41e542c70aa14c7eda3593e4d7e274bfcccca1827e6c0875902e", size = 658219, upload-time = "2026-01-23T16:05:30.956Z" },
    { url = "https://files.pythonhosted.org/packages/80/38/9d42d60dffb04b45f03dbab9430898352dba277758640751dc5cc316c521/greenlet-3.3.1-cp314-cp314-manylinux_2_24_x86_64.manylinux_2_28_x86_64.whl", hash = "sha256:34a729e2e4e4ffe9ae2408d5ecaf12f944853f40ad724929b7585bca808a9d6f", size = 660237, upload-time = "2026-01-23T15:32:53.967Z" },
    { url = "https://files.pythonhosted.org/packages/96/61/373c30b7197f9e756e4c81ae90a8d55dc3598c17673f91f4d31c3c689c3f/greenlet-3.3.1-cp314-cp314-musllinux_1_2_aarch64.whl", hash = "sha256:aec9ab04e82918e623415947921dea15851b152b822661cce3f8e4393c3df683", size = 1615261, upload-time = "2026-01-23T16:04:25.066Z" },
    { url = "https://files.pythonhosted.org/packages/fd/d3/ca534310343f5945316f9451e953dcd89b36fe7a19de652a1dc5a0eeef3f/greenlet-3.3.1-cp314-cp314-musllinux_1_2_x86_64.whl", hash = "sha256:71c767cf281a80d02b6c1bdc41c9468e1f5a494fb11bc8688c360524e273d7b1", size = 1683719, upload-time = "2026-01-23T15:33:50.61Z" },
    { url = "https://files.pythonhosted.org/packages/52/cb/c21a3fd5d2c9c8b622e7bede6d6d00e00551a5ee474ea6d831b5f567a8b4/greenlet-3.3.1-cp314-cp314-win_amd64.whl", hash = "sha256:96aff77af063b607f2489473484e39a0bbae730f2ea90c9e5606c9b73c44174a", size = 228125, upload-time = "2026-01-23T15:32:45.265Z" },
    { url = "https://files.pythonhosted.org/packages/6a/8e/8a2db6d11491837af1de64b8aff23707c6e85241be13c60ed399a72e2ef8/greenlet-3.3.1-cp314-cp314-win_arm64.whl", hash = "sha256:b066e8b50e28b503f604fa538adc764a638b38cf8e81e025011d26e8a627fa79", size = 227519, upload-time = "2026-01-23T15:31:47.284Z" },
    { url = "https://files.pythonhosted.org/packages/28/24/cbbec49bacdcc9ec652a81d3efef7b59f326697e7edf6ed775a5e08e54c2/greenlet-3.3.1-cp314-cp314t-macosx_11_0_universal2.whl", hash = "sha256:3e63252943c921b90abb035ebe9de832c436401d9c45f262d80e2d06cc659242", size = 282706, upload-time = "2026-01-23T15:33:05.525Z" },
    { url = "https://files.pythonhosted.org/packages/86/2e/4f2b9323c144c4fe8842a4e0d92121465485c3c2c5b9e9b30a52e80f523f/greenlet-3.3.1-cp314-cp314t-manylinux_2_24_aarch64.manylinux_2_28_aarch64.whl", hash = "sha256:76e39058e68eb125de10c92524573924e827927df5d3891fbc97bd55764a8774", size = 651209, upload-time = "2026-01-23T16:01:01.517Z" },
    { url = "https://files.pythonhosted.org/packages/d9/87/50ca60e515f5bb55a2fbc5f0c9b5b156de7d2fc51a0a69abc9d23914a237/greenlet-3.3.1-cp314-cp314t-manylinux_2_24_ppc64le.manylinux_2_28_ppc64le.whl", hash = "sha256:c9f9d5e7a9310b7a2f416dd13d2e3fd8b42d803968ea580b7c0f322ccb389b97", size = 654300, upload-time = "2026-01-23T16:05:32.199Z" },
    { url = "https://files.pythonhosted.org/packages/1d/94/74310866dfa2b73dd08659a3d18762f83985ad3281901ba0ee9a815194fb/greenlet-3.3.1-cp314-cp314t-manylinux_2_24_x86_64.manylinux_2_28_x86_64.whl", hash = "sha256:92497c78adf3ac703b57f1e3813c2d874f27f71a178f9ea5887855da413cd6d2", size = 653842, upload-time = "2026-01-23T15:32:55.671Z" },
    { url = "https://files.pythonhosted.org/packages/97/43/8bf0ffa3d498eeee4c58c212a3905dd6146c01c8dc0b0a046481ca29b18c/greenlet-3.3.1-cp314-cp314t-musllinux_1_2_aarch64.whl", hash = "sha256:ed6b402bc74d6557a705e197d47f9063733091ed6357b3de33619d8a8d93ac53", size = 1614917, upload-time = "2026-01-23T16:04:26.276Z" },
    { url = "https://files.pythonhosted.org/packages/89/90/a3be7a5f378fc6e84abe4dcfb2ba32b07786861172e502388b4c90000d1b/greenlet-3.3.1-cp314-cp314t-musllinux_1_2_x86_64.whl", hash = "sha256:59913f1e5ada20fde795ba906916aea25d442abcc0593fba7e26c92b7ad76249", size = 1676092, upload-time = "2026-01-23T15:33:52.176Z" },
    { url = "https://files.pythonhosted.org/packages/e1/2b/98c7f93e6db9977aaee07eb1e51ca63bd5f779b900d362791d3252e60558/greenlet-3.3.1-cp314-cp314t-win_amd64.whl", hash = "sha256:301860987846c24cb8964bdec0e31a96ad4a2a801b41b4ef40963c1b44f33451", size = 233181, upload-time = "2026-01-23T15:33:00.29Z" },
]

[[package]]
name = "icalendar"
version = "6.3.2"
source = { registry = "https://pypi.org/simple" }
dependencies = [
    { name = "python-dateutil" },
    { name = "tzdata" },
]
sdist = { url = "https://files.pythonhosted.org/packages/5d/70/458092b3e7c15783423fe64d07e63ea3311a597e723be6a1060513e3db93/icalendar-6.3.2.tar.gz", hash = "sha256:e0c10ecbfcebe958d33af7d491f6e6b7580d11d475f2eeb29532d0424f9110a1", size = 178422, upload-time = "2025-11-05T12:49:32.286Z" }
wheels = [
    { url = "https://files.pythonhosted.org/packages/06/ee/2ff96bb5bd88fe03ab90aedf5180f96dc0f3ae4648ca264b473055bcaaff/icalendar-6.3.2-py3-none-any.whl", hash = "sha256:d400e9c9bb8c025e5a3c77c236941bb690494be52528a0b43cc7e8b7c9505064", size = 242403, upload-time = "2025-11-05T12:49:30.691Z" },
]

[[package]]
name = "iniconfig"
version = "2.3.0"
source = { registry = "https://pypi.org/simple" }
sdist = { url = "https://files.pythonhosted.org/packages/72/34/14ca021ce8e5dfedc35312d08ba8bf51fdd999c576889fc2c24cb97f4f10/iniconfig-2.3.0.tar.gz", hash = "sha256:c76315c77db068650d49c5b56314774a7804df16fee4402c1f19d6d15d8c4730", size = 20503, upload-time = "2025-10-18T21:55:43.219Z" }
wheels = [
    { url = "https://files.pythonhosted.org/packages/cb/b1/3846dd7f199d53cb17f49cba7e651e9ce294d8497c8c150530ed11865bb8/iniconfig-2.3.0-py3-none-any.whl", hash = "sha256:f631c04d2c48c52b84d0d0549c99ff3859c98df65b3101406327ecc7d53fbf12", size = 7484, upload-time = "2025-10-18T21:55:41.639Z" },
]

[[package]]
name = "linkify-it-py"
version = "2.0.3"
source = { registry = "https://pypi.org/simple" }
dependencies = [
    { name = "uc-micro-py" },
]
sdist = { url = "https://files.pythonhosted.org/packages/2a/ae/bb56c6828e4797ba5a4821eec7c43b8bf40f69cda4d4f5f8c8a2810ec96a/linkify-it-py-2.0.3.tar.gz", hash = "sha256:68cda27e162e9215c17d786649d1da0021a451bdc436ef9e0fa0ba5234b9b048", size = 27946, upload-time = "2024-02-04T14:48:04.179Z" }
wheels = [
    { url = "https://files.pythonhosted.org/packages/04/1e/b832de447dee8b582cac175871d2f6c3d5077cc56d5575cadba1fd1cccfa/linkify_it_py-2.0.3-py3-none-any.whl", hash = "sha256:6bcbc417b0ac14323382aef5c5192c0075bf8a9d6b41820a2b66371eac6b6d79", size = 19820, upload-time = "2024-02-04T14:48:02.496Z" },
]

[[package]]
name = "markdown-it-py"
version = "4.0.0"
source = { registry = "https://pypi.org/simple" }
dependencies = [
    { name = "mdurl" },
]
sdist = { url = "https://files.pythonhosted.org/packages/5b/f5/4ec618ed16cc4f8fb3b701563655a69816155e79e24a17b651541804721d/markdown_it_py-4.0.0.tar.gz", hash = "sha256:cb0a2b4aa34f932c007117b194e945bd74e0ec24133ceb5bac59009cda1cb9f3", size = 73070, upload-time = "2025-08-11T12:57:52.854Z" }
wheels = [
    { url = "https://files.pythonhosted.org/packages/94/54/e7d793b573f298e1c9013b8c4dade17d481164aa517d1d7148619c2cedbf/markdown_it_py-4.0.0-py3-none-any.whl", hash = "sha256:87327c59b172c5011896038353a81343b6754500a08cd7a4973bb48c6d578147", size = 87321, upload-time = "2025-08-11T12:57:51.923Z" },
]

[package.optional-dependencies]
linkify = [
    { name = "linkify-it-py" },
]

[[package]]
name = "mdit-py-plugins"
version = "0.5.0"
source = { registry = "https://pypi.org/simple" }
dependencies = [
    { name = "markdown-it-py" },
]
sdist = { url = "https://files.pythonhosted.org/packages/b2/fd/a756d36c0bfba5f6e39a1cdbdbfdd448dc02692467d83816dff4592a1ebc/mdit_py_plugins-0.5.0.tar.gz", hash = "sha256:f4918cb50119f50446560513a8e311d574ff6aaed72606ddae6d35716fe809c6", size = 44655, upload-time = "2025-08-11T07:25:49.083Z" }
wheels = [
    { url = "https://files.pythonhosted.org/packages/fb/86/dd6e5db36df29e76c7a7699123569a4a18c1623ce68d826ed96c62643cae/mdit_py_plugins-0.5.0-py3-none-any.whl", hash = "sha256:07a08422fc1936a5d26d146759e9155ea466e842f5ab2f7d2266dd084c8dab1f", size = 57205, upload-time = "2025-08-11T07:25:47.597Z" },
]

[[package]]
name = "mdurl"
version = "0.1.2"
source = { registry = "https://pypi.org/simple" }
sdist = { url = "https://files.pythonhosted.org/packages/d6/54/cfe61301667036ec958cb99bd3efefba235e65cdeb9c84d24a8293ba1d90/mdurl-0.1.2.tar.gz", hash = "sha256:bb413d29f5eea38f31dd4754dd7377d4465116fb207585f97bf925588687c1ba", size = 8729, upload-time = "2022-08-14T12:40:10.846Z" }
wheels = [
    { url = "https://files.pythonhosted.org/packages/b3/38/89ba8ad64ae25be8de66a6d463314cf1eb366222074cfda9ee839c56a4b4/mdurl-0.1.2-py3-none-any.whl", hash = "sha256:84008a41e51615a49fc9966191ff91509e3c40b939176e643fd50a5c2196b8f8", size = 9979, upload-time = "2022-08-14T12:40:09.779Z" },
]

[[package]]
name = "packaging"
version = "26.0"
source = { registry = "https://pypi.org/simple" }
sdist = { url = "https://files.pythonhosted.org/packages/65/ee/299d360cdc32edc7d2cf530f3accf79c4fca01e96ffc950d8a52213bd8e4/packaging-26.0.tar.gz", hash = "sha256:00243ae351a257117b6a241061796684b084ed1c516a08c48a3f7e147a9d80b4", size = 143416, upload-time = "2026-01-21T20:50:39.064Z" }
wheels = [
    { url = "https://files.pythonhosted.org/packages/b7/b9/c538f279a4e237a006a2c98387d081e9eb060d203d8ed34467cc0f0b9b53/packaging-26.0-py3-none-any.whl", hash = "sha256:b36f1fef9334a5588b4166f8bcd26a14e521f2b55e6b9de3aaa80d3ff7a37529", size = 74366, upload-time = "2026-01-21T20:50:37.788Z" },
]

[[package]]
name = "platformdirs"
version = "4.5.1"
source = { registry = "https://pypi.org/simple" }
sdist = { url = "https://files.pythonhosted.org/packages/cf/86/0248f086a84f01b37aaec0fa567b397df1a119f73c16f6c7a9aac73ea309/platformdirs-4.5.1.tar.gz", hash = "sha256:61d5cdcc6065745cdd94f0f878977f8de9437be93de97c1c12f853c9c0cdcbda", size = 21715, upload-time = "2025-12-05T13:52:58.638Z" }
wheels = [
    { url = "https://files.pythonhosted.org/packages/cb/28/3bfe2fa5a7b9c46fe7e13c97bda14c895fb10fa2ebf1d0abb90e0cea7ee1/platformdirs-4.5.1-py3-none-any.whl", hash = "sha256:d03afa3963c806a9bed9d5125c8f4cb2fdaf74a55ab60e5d59b3fde758104d31", size = 18731, upload-time = "2025-12-05T13:52:56.823Z" },
]

[[package]]
name = "pluggy"
version = "1.6.0"
source = { registry = "https://pypi.org/simple" }
sdist = { url = "https://files.pythonhosted.org/packages/f9/e2/3e91f31a7d2b083fe6ef3fa267035b518369d9511ffab804f839851d2779/pluggy-1.6.0.tar.gz", hash = "sha256:7dcc130b76258d33b90f61b658791dede3486c3e6bfb003ee5c9bfb396dd22f3", size = 69412, upload-time = "2025-05-15T12:30:07.975Z" }
wheels = [
    { url = "https://files.pythonhosted.org/packages/54/20/4d324d65cc6d9205fabedc306948156824eb9f0ee1633355a8f7ec5c66bf/pluggy-1.6.0-py3-none-any.whl", hash = "sha256:e920276dd6813095e9377c0bc5566d94c932c33b27a3e3945d8389c374dd4746", size = 20538, upload-time = "2025-05-15T12:30:06.134Z" },
]

[[package]]
name = "pygments"
version = "2.19.2"
source = { registry = "https://pypi.org/simple" }
sdist = { url = "https://files.pythonhosted.org/packages/b0/77/a5b8c569bf593b0140bde72ea885a803b82086995367bf2037de0159d924/pygments-2.19.2.tar.gz", hash = "sha256:636cb2477cec7f8952536970bc533bc43743542f70392ae026374600add5b887", size = 4968631, upload-time = "2025-06-21T13:39:12.283Z" }
wheels = [
    { url = "https://files.pythonhosted.org/packages/c7/21/705964c7812476f378728bdf590ca4b771ec72385c533964653c68e86bdc/pygments-2.19.2-py3-none-any.whl", hash = "sha256:86540386c03d588bb81d44bc3928634ff26449851e99741617ecb9037ee5ec0b", size = 1225217, upload-time = "2025-06-21T13:39:07.939Z" },
]

[[package]]
name = "pytest"
version = "9.0.2"
source = { registry = "https://pypi.org/simple" }
dependencies = [
    { name = "colorama", marker = "sys_platform == 'win32'" },
    { name = "iniconfig" },
    { name = "packaging" },
    { name = "pluggy" },
    { name = "pygments" },
]
sdist = { url = "https://files.pythonhosted.org/packages/d1/db/7ef3487e0fb0049ddb5ce41d3a49c235bf9ad299b6a25d5780a89f19230f/pytest-9.0.2.tar.gz", hash = "sha256:75186651a92bd89611d1d9fc20f0b4345fd827c41ccd5c299a868a05d70edf11", size = 1568901, upload-time = "2025-12-06T21:30:51.014Z" }
wheels = [
    { url = "https://files.pythonhosted.org/packages/3b/ab/b3226f0bd7cdcf710fbede2b3548584366da3b19b5021e74f5bde2a8fa3f/pytest-9.0.2-py3-none-any.whl", hash = "sha256:711ffd45bf766d5264d487b917733b453d917afd2b0ad65223959f59089f875b", size = 374801, upload-time = "2025-12-06T21:30:49.154Z" },
]

[[package]]
name = "pytest-asyncio"
version = "1.3.0"
source = { registry = "https://pypi.org/simple" }
dependencies = [
    { name = "pytest" },
    { name = "typing-extensions", marker = "python_full_version < '3.13'" },
]
sdist = { url = "https://files.pythonhosted.org/packages/90/2c/8af215c0f776415f3590cac4f9086ccefd6fd463befeae41cd4d3f193e5a/pytest_asyncio-1.3.0.tar.gz", hash = "sha256:d7f52f36d231b80ee124cd216ffb19369aa168fc10095013c6b014a34d3ee9e5", size = 50087, upload-time = "2025-11-10T16:07:47.256Z" }
wheels = [
    { url = "https://files.pythonhosted.org/packages/e5/35/f8b19922b6a25bc0880171a2f1a003eaeb93657475193ab516fd87cac9da/pytest_asyncio-1.3.0-py3-none-any.whl", hash = "sha256:611e26147c7f77640e6d0a92a38ed17c3e9848063698d5c93d5aa7aa11cebff5", size = 15075, upload-time = "2025-11-10T16:07:45.537Z" },
]

[[package]]
name = "python-dateutil"
version = "2.9.0.post0"
source = { registry = "https://pypi.org/simple" }
dependencies = [
    { name = "six" },
]
sdist = { url = "https://files.pythonhosted.org/packages/66/c0/0c8b6ad9f17a802ee498c46e004a0eb49bc148f2fd230864601a86dcf6db/python-dateutil-2.9.0.post0.tar.gz", hash = "sha256:37dd54208da7e1cd875388217d5e00ebd4179249f90fb72437e91a35459a0ad3", size = 342432, upload-time = "2024-03-01T18:36:20.211Z" }
wheels = [
    { url = "https://files.pythonhosted.org/packages/ec/57/56b9bcc3c9c6a792fcbaf139543cee77261f3651ca9da0c93f5c1221264b/python_dateutil-2.9.0.post0-py2.py3-none-any.whl", hash = "sha256:a8b2bc7bffae282281c8140a97d3aa9c14da0b136dfe83f850eea9a5f7470427", size = 229892, upload-time = "2024-03-01T18:36:18.57Z" },
]

[[package]]
name = "rich"
version = "14.3.1"
source = { registry = "https://pypi.org/simple" }
dependencies = [
    { name = "markdown-it-py" },
    { name = "pygments" },
]
sdist = { url = "https://files.pythonhosted.org/packages/a1/84/4831f881aa6ff3c976f6d6809b58cdfa350593ffc0dc3c58f5f6586780fb/rich-14.3.1.tar.gz", hash = "sha256:b8c5f568a3a749f9290ec6bddedf835cec33696bfc1e48bcfecb276c7386e4b8", size = 230125, upload-time = "2026-01-24T21:40:44.847Z" }
wheels = [
    { url = "https://files.pythonhosted.org/packages/87/2a/a1810c8627b9ec8c57ec5ec325d306701ae7be50235e8fd81266e002a3cc/rich-14.3.1-py3-none-any.whl", hash = "sha256:da750b1aebbff0b372557426fb3f35ba56de8ef954b3190315eb64076d6fb54e", size = 309952, upload-time = "2026-01-24T21:40:42.969Z" },
]

[[package]]
name = "six"
version = "1.17.0"
source = { registry = "https://pypi.org/simple" }
sdist = { url = "https://files.pythonhosted.org/packages/94/e7/b2c673351809dca68a0e064b6af791aa332cf192da575fd474ed7d6f16a2/six-1.17.0.tar.gz", hash = "sha256:ff70335d468e7eb6ec65b95b99d3a2836546063f63acc5171de367e834932a81", size = 34031, upload-time = "2024-12-04T17:35:28.174Z" }
wheels = [
    { url = "https://files.pythonhosted.org/packages/b7/ce/149a00dd41f10bc29e5921b496af8b574d8413afcd5e30dfa0ed46c2cc5e/six-1.17.0-py2.py3-none-any.whl", hash = "sha256:4721f391ed90541fddacab5acf947aa0d3dc7d27b2e1e8eda2be8970586c3274", size = 11050, upload-time = "2024-12-04T17:35:26.475Z" },
]

[[package]]
name = "sqlalchemy"
version = "2.0.46"
source = { registry = "https://pypi.org/simple" }
dependencies = [
    { name = "greenlet", marker = "platform_machine == 'AMD64' or platform_machine == 'WIN32' or platform_machine == 'aarch64' or platform_machine == 'amd64' or platform_machine == 'ppc64le' or platform_machine == 'win32' or platform_machine == 'x86_64'" },
    { name = "typing-extensions" },
]
sdist = { url = "https://files.pythonhosted.org/packages/06/aa/9ce0f3e7a9829ead5c8ce549392f33a12c4555a6c0609bb27d882e9c7ddf/sqlalchemy-2.0.46.tar.gz", hash = "sha256:cf36851ee7219c170bb0793dbc3da3e80c582e04a5437bc601bfe8c85c9216d7", size = 9865393, upload-time = "2026-01-21T18:03:45.119Z" }
wheels = [
    { url = "https://files.pythonhosted.org/packages/b6/35/d16bfa235c8b7caba3730bba43e20b1e376d2224f407c178fbf59559f23e/sqlalchemy-2.0.46-cp312-cp312-macosx_11_0_arm64.whl", hash = "sha256:3a9a72b0da8387f15d5810f1facca8f879de9b85af8c645138cba61ea147968c", size = 2153405, upload-time = "2026-01-21T19:05:54.143Z" },
    { url = "https://files.pythonhosted.org/packages/06/6c/3192e24486749862f495ddc6584ed730c0c994a67550ec395d872a2ad650/sqlalchemy-2.0.46-cp312-cp312-manylinux2014_aarch64.manylinux_2_17_aarch64.manylinux_2_28_aarch64.whl", hash = "sha256:2347c3f0efc4de367ba00218e0ae5c4ba2306e47216ef80d6e31761ac97cb0b9", size = 3334702, upload-time = "2026-01-21T18:46:45.384Z" },
    { url = "https://files.pythonhosted.org/packages/ea/a2/b9f33c8d68a3747d972a0bb758c6b63691f8fb8a49014bc3379ba15d4274/sqlalchemy-2.0.46-cp312-cp312-manylinux2014_x86_64.manylinux_2_17_x86_64.manylinux_2_28_x86_64.whl", hash = "sha256:9094c8b3197db12aa6f05c51c05daaad0a92b8c9af5388569847b03b1007fb1b", size = 3347664, upload-time = "2026-01-21T18:40:09.979Z" },
    { url = "https://files.pythonhosted.org/packages/aa/d2/3e59e2a91eaec9db7e8dc6b37b91489b5caeb054f670f32c95bcba98940f/sqlalchemy-2.0.46-cp312-cp312-musllinux_1_2_aarch64.whl", hash = "sha256:37fee2164cf21417478b6a906adc1a91d69ae9aba8f9533e67ce882f4bb1de53", size = 3277372, upload-time = "2026-01-21T18:46:47.168Z" },
    { url = "https://files.pythonhosted.org/packages/dd/dd/67bc2e368b524e2192c3927b423798deda72c003e73a1e94c21e74b20a85/sqlalchemy-2.0.46-cp312-cp312-musllinux_1_2_x86_64.whl", hash = "sha256:b1e14b2f6965a685c7128bd315e27387205429c2e339eeec55cb75ca4ab0ea2e", size = 3312425, upload-time = "2026-01-21T18:40:11.548Z" },
    { url = "https://files.pythonhosted.org/packages/43/82/0ecd68e172bfe62247e96cb47867c2d68752566811a4e8c9d8f6e7c38a65/sqlalchemy-2.0.46-cp312-cp312-win32.whl", hash = "sha256:412f26bb4ba942d52016edc8d12fb15d91d3cd46b0047ba46e424213ad407bcb", size = 2113155, upload-time = "2026-01-21T18:42:49.748Z" },
    { url = "https://files.pythonhosted.org/packages/bc/2a/2821a45742073fc0331dc132552b30de68ba9563230853437cac54b2b53e/sqlalchemy-2.0.46-cp312-cp312-win_amd64.whl", hash = "sha256:ea3cd46b6713a10216323cda3333514944e510aa691c945334713fca6b5279ff", size = 2140078, upload-time = "2026-01-21T18:42:51.197Z" },
    { url = "https://files.pythonhosted.org/packages/b3/4b/fa7838fe20bb752810feed60e45625a9a8b0102c0c09971e2d1d95362992/sqlalchemy-2.0.46-cp313-cp313-macosx_11_0_arm64.whl", hash = "sha256:93a12da97cca70cea10d4b4fc602589c4511f96c1f8f6c11817620c021d21d00", size = 2150268, upload-time = "2026-01-21T19:05:56.621Z" },
    { url = "https://files.pythonhosted.org/packages/46/c1/b34dccd712e8ea846edf396e00973dda82d598cb93762e55e43e6835eba9/sqlalchemy-2.0.46-cp313-cp313-manylinux2014_aarch64.manylinux_2_17_aarch64.manylinux_2_28_aarch64.whl", hash = "sha256:af865c18752d416798dae13f83f38927c52f085c52e2f32b8ab0fef46fdd02c2", size = 3276511, upload-time = "2026-01-21T18:46:49.022Z" },
    { url = "https://files.pythonhosted.org/packages/96/48/a04d9c94753e5d5d096c628c82a98c4793b9c08ca0e7155c3eb7d7db9f24/sqlalchemy-2.0.46-cp313-cp313-manylinux2014_x86_64.manylinux_2_17_x86_64.manylinux_2_28_x86_64.whl", hash = "sha256:8d679b5f318423eacb61f933a9a0f75535bfca7056daeadbf6bd5bcee6183aee", size = 3292881, upload-time = "2026-01-21T18:40:13.089Z" },
    { url = "https://files.pythonhosted.org/packages/be/f4/06eda6e91476f90a7d8058f74311cb65a2fb68d988171aced81707189131/sqlalchemy-2.0.46-cp313-cp313-musllinux_1_2_aarch64.whl", hash = "sha256:64901e08c33462acc9ec3bad27fc7a5c2b6491665f2aa57564e57a4f5d7c52ad", size = 3224559, upload-time = "2026-01-21T18:46:50.974Z" },
    { url = "https://files.pythonhosted.org/packages/ab/a2/d2af04095412ca6345ac22b33b89fe8d6f32a481e613ffcb2377d931d8d0/sqlalchemy-2.0.46-cp313-cp313-musllinux_1_2_x86_64.whl", hash = "sha256:e8ac45e8f4eaac0f9f8043ea0e224158855c6a4329fd4ee37c45c61e3beb518e", size = 3262728, upload-time = "2026-01-21T18:40:14.883Z" },
    { url = "https://files.pythonhosted.org/packages/31/48/1980c7caa5978a3b8225b4d230e69a2a6538a3562b8b31cea679b6933c83/sqlalchemy-2.0.46-cp313-cp313-win32.whl", hash = "sha256:8d3b44b3d0ab2f1319d71d9863d76eeb46766f8cf9e921ac293511804d39813f", size = 2111295, upload-time = "2026-01-21T18:42:52.366Z" },
    { url = "https://files.pythonhosted.org/packages/2d/54/f8d65bbde3d877617c4720f3c9f60e99bb7266df0d5d78b6e25e7c149f35/sqlalchemy-2.0.46-cp313-cp313-win_amd64.whl", hash = "sha256:77f8071d8fbcbb2dd11b7fd40dedd04e8ebe2eb80497916efedba844298065ef", size = 2137076, upload-time = "2026-01-21T18:42:53.924Z" },
    { url = "https://files.pythonhosted.org/packages/56/ba/9be4f97c7eb2b9d5544f2624adfc2853e796ed51d2bb8aec90bc94b7137e/sqlalchemy-2.0.46-cp313-cp313t-manylinux2014_aarch64.manylinux_2_17_aarch64.manylinux_2_28_aarch64.whl", hash = "sha256:a1e8cc6cc01da346dc92d9509a63033b9b1bda4fed7a7a7807ed385c7dccdc10", size = 3556533, upload-time = "2026-01-21T18:33:06.636Z" },
    { url = "https://files.pythonhosted.org/packages/20/a6/b1fc6634564dbb4415b7ed6419cdfeaadefd2c39cdab1e3aa07a5f2474c2/sqlalchemy-2.0.46-cp313-cp313t-manylinux2014_x86_64.manylinux_2_17_x86_64.manylinux_2_28_x86_64.whl", hash = "sha256:96c7cca1a4babaaf3bfff3e4e606e38578856917e52f0384635a95b226c87764", size = 3523208, upload-time = "2026-01-21T18:45:08.436Z" },
    { url = "https://files.pythonhosted.org/packages/a1/d8/41e0bdfc0f930ff236f86fccd12962d8fa03713f17ed57332d38af6a3782/sqlalchemy-2.0.46-cp313-cp313t-musllinux_1_2_aarch64.whl", hash = "sha256:b2a9f9aee38039cf4755891a1e50e1effcc42ea6ba053743f452c372c3152b1b", size = 3464292, upload-time = "2026-01-21T18:33:08.208Z" },
    { url = "https://files.pythonhosted.org/packages/f0/8b/9dcbec62d95bea85f5ecad9b8d65b78cc30fb0ffceeb3597961f3712549b/sqlalchemy-2.0.46-cp313-cp313t-musllinux_1_2_x86_64.whl", hash = "sha256:db23b1bf8cfe1f7fda19018e7207b20cdb5168f83c437ff7e95d19e39289c447", size = 3473497, upload-time = "2026-01-21T18:45:10.552Z" },
    { url = "https://files.pythonhosted.org/packages/e9/f8/5ecdfc73383ec496de038ed1614de9e740a82db9ad67e6e4514ebc0708a3/sqlalchemy-2.0.46-cp314-cp314-macosx_11_0_arm64.whl", hash = "sha256:56bdd261bfd0895452006d5316cbf35739c53b9bb71a170a331fa0ea560b2ada", size = 2152079, upload-time = "2026-01-21T19:05:58.477Z" },
    { url = "https://files.pythonhosted.org/packages/e5/bf/eba3036be7663ce4d9c050bc3d63794dc29fbe01691f2bf5ccb64e048d20/sqlalchemy-2.0.46-cp314-cp314-manylinux2014_aarch64.manylinux_2_17_aarch64.manylinux_2_28_aarch64.whl", hash = "sha256:33e462154edb9493f6c3ad2125931e273bbd0be8ae53f3ecd1c161ea9a1dd366", size = 3272216, upload-time = "2026-01-21T18:46:52.634Z" },
    { url = "https://files.pythonhosted.org/packages/05/45/1256fb597bb83b58a01ddb600c59fe6fdf0e5afe333f0456ed75c0f8d7bd/sqlalchemy-2.0.46-cp314-cp314-manylinux2014_x86_64.manylinux_2_17_x86_64.manylinux_2_28_x86_64.whl", hash = "sha256:9bcdce05f056622a632f1d44bb47dbdb677f58cad393612280406ce37530eb6d", size = 3277208, upload-time = "2026-01-21T18:40:16.38Z" },
    { url = "https://files.pythonhosted.org/packages/d9/a0/2053b39e4e63b5d7ceb3372cface0859a067c1ddbd575ea7e9985716f771/sqlalchemy-2.0.46-cp314-cp314-musllinux_1_2_aarch64.whl", hash = "sha256:8e84b09a9b0f19accedcbeff5c2caf36e0dd537341a33aad8d680336152dc34e", size = 3221994, upload-time = "2026-01-21T18:46:54.622Z" },
    { url = "https://files.pythonhosted.org/packages/1e/87/97713497d9502553c68f105a1cb62786ba1ee91dea3852ae4067ed956a50/sqlalchemy-2.0.46-cp314-cp314-musllinux_1_2_x86_64.whl", hash = "sha256:4f52f7291a92381e9b4de9050b0a65ce5d6a763333406861e33906b8aa4906bf", size = 3243990, upload-time = "2026-01-21T18:40:18.253Z" },
    { url = "https://files.pythonhosted.org/packages/a8/87/5d1b23548f420ff823c236f8bea36b1a997250fd2f892e44a3838ca424f4/sqlalchemy-2.0.46-cp314-cp314-win32.whl", hash = "sha256:70ed2830b169a9960193f4d4322d22be5c0925357d82cbf485b3369893350908", size = 2114215, upload-time = "2026-01-21T18:42:55.232Z" },
    { url = "https://files.pythonhosted.org/packages/3a/20/555f39cbcf0c10cf452988b6a93c2a12495035f68b3dbd1a408531049d31/sqlalchemy-2.0.46-cp314-cp314-win_amd64.whl", hash = "sha256:3c32e993bc57be6d177f7d5d31edb93f30726d798ad86ff9066d75d9bf2e0b6b", size = 2139867, upload-time = "2026-01-21T18:42:56.474Z" },
    { url = "https://files.pythonhosted.org/packages/3e/f0/f96c8057c982d9d8a7a68f45d69c674bc6f78cad401099692fe16521640a/sqlalchemy-2.0.46-cp314-cp314t-manylinux2014_aarch64.manylinux_2_17_aarch64.manylinux_2_28_aarch64.whl", hash = "sha256:4dafb537740eef640c4d6a7c254611dca2df87eaf6d14d6a5fca9d1f4c3fc0fa", size = 3561202, upload-time = "2026-01-21T18:33:10.337Z" },
    { url = "https://files.pythonhosted.org/packages/d7/53/3b37dda0a5b137f21ef608d8dfc77b08477bab0fe2ac9d3e0a66eaeab6fc/sqlalchemy-2.0.46-cp314-cp314t-manylinux2014_x86_64.manylinux_2_17_x86_64.manylinux_2_28_x86_64.whl", hash = "sha256:42a1643dc5427b69aca967dae540a90b0fbf57eaf248f13a90ea5930e0966863", size = 3526296, upload-time = "2026-01-21T18:45:12.657Z" },
    { url = "https://files.pythonhosted.org/packages/33/75/f28622ba6dde79cd545055ea7bd4062dc934e0621f7b3be2891f8563f8de/sqlalchemy-2.0.46-cp314-cp314t-musllinux_1_2_aarch64.whl", hash = "sha256:ff33c6e6ad006bbc0f34f5faf941cfc62c45841c64c0a058ac38c799f15b5ede", size = 3470008, upload-time = "2026-01-21T18:33:11.725Z" },
    { url = "https://files.pythonhosted.org/packages/a9/42/4afecbbc38d5e99b18acef446453c76eec6fbd03db0a457a12a056836e22/sqlalchemy-2.0.46-cp314-cp314t-musllinux_1_2_x86_64.whl", hash = "sha256:82ec52100ec1e6ec671563bbd02d7c7c8d0b9e71a0723c72f22ecf52d1755330", size = 3476137, upload-time = "2026-01-21T18:45:15.001Z" },
    { url = "https://files.pythonhosted.org/packages/fc/a1/9c4efa03300926601c19c18582531b45aededfb961ab3c3585f1e24f120b/sqlalchemy-2.0.46-py3-none-any.whl", hash = "sha256:f9c11766e7e7c0a2767dda5acb006a118640c9fc0a4104214b96269bfb78399e", size = 1937882, upload-time = "2026-01-21T18:22:10.456Z" },
]

[[package]]
name = "textual"
version = "7.5.0"
source = { registry = "https://pypi.org/simple" }
dependencies = [
    { name = "markdown-it-py", extra = ["linkify"] },
    { name = "mdit-py-plugins" },
    { name = "platformdirs" },
    { name = "pygments" },
    { name = "rich" },
    { name = "typing-extensions" },
]
sdist = { url = "https://files.pythonhosted.org/packages/9f/38/7d169a765993efde5095c70a668bf4f5831bb7ac099e932f2783e9b71abf/textual-7.5.0.tar.gz", hash = "sha256:c730cba1e3d704e8f1ca915b6a3af01451e3bca380114baacf6abf87e9dac8b6", size = 1592319, upload-time = "2026-01-30T13:46:39.881Z" }
wheels = [
    { url = "https://files.pythonhosted.org/packages/9c/78/96ddb99933e11d91bc6e05edae23d2687e44213066bcbaca338898c73c47/textual-7.5.0-py3-none-any.whl", hash = "sha256:849dfee9d705eab3b2d07b33152b7bd74fb1f5056e002873cc448bce500c6374", size = 718164, upload-time = "2026-01-30T13:46:37.635Z" },
]

[[package]]
name = "tomli-w"
version = "1.2.0"
source = { registry = "https://pypi.org/simple" }
sdist = { url = "https://files.pythonhosted.org/packages/19/75/241269d1da26b624c0d5e110e8149093c759b7a286138f4efd61a60e75fe/tomli_w-1.2.0.tar.gz", hash = "sha256:2dd14fac5a47c27be9cd4c976af5a12d87fb1f0b4512f81d69cce3b35ae25021", size = 7184, upload-time = "2025-01-15T12:07:24.262Z" }
wheels = [
    { url = "https://files.pythonhosted.org/packages/c7/18/c86eb8e0202e32dd3df50d43d7ff9854f8e0603945ff398974c1d91ac1ef/tomli_w-1.2.0-py3-none-any.whl", hash = "sha256:188306098d013b691fcadc011abd66727d3c414c571bb01b1a174ba8c983cf90", size = 6675, upload-time = "2025-01-15T12:07:22.074Z" },
]

[[package]]
name = "typing-extensions"
version = "4.15.0"
source = { registry = "https://pypi.org/simple" }
sdist = { url = "https://files.pythonhosted.org/packages/72/94/1a15dd82efb362ac84269196e94cf00f187f7ed21c242792a923cdb1c61f/typing_extensions-4.15.0.tar.gz", hash = "sha256:0cea48d173cc12fa28ecabc3b837ea3cf6f38c6d1136f85cbaaf598984861466", size = 109391, upload-time = "2025-08-25T13:49:26.313Z" }
wheels = [
    { url = "https://files.pythonhosted.org/packages/18/67/36e9267722cc04a6b9f15c7f3441c2363321a3ea07da7ae0c0707beb2a9c/typing_extensions-4.15.0-py3-none-any.whl", hash = "sha256:f0fa19c6845758ab08074a0cfa8b7aecb71c999ca73d62883bc25cc018c4e548", size = 44614, upload-time = "2025-08-25T13:49:24.86Z" },
]

[[package]]
name = "tzdata"
version = "2025.3"
source = { registry = "https://pypi.org/simple" }
sdist = { url = "https://files.pythonhosted.org/packages/5e/a7/c202b344c5ca7daf398f3b8a477eeb205cf3b6f32e7ec3a6bac0629ca975/tzdata-2025.3.tar.gz", hash = "sha256:de39c2ca5dc7b0344f2eba86f49d614019d29f060fc4ebc8a417896a620b56a7", size = 196772, upload-time = "2025-12-13T17:45:35.667Z" }
wheels = [
    { url = "https://files.pythonhosted.org/packages/c7/b0/003792df09decd6849a5e39c28b513c06e84436a54440380862b5aeff25d/tzdata-2025.3-py2.py3-none-any.whl", hash = "sha256:06a47e5700f3081aab02b2e513160914ff0694bce9947d6b76ebd6bf57cfc5d1", size = 348521, upload-time = "2025-12-13T17:45:33.889Z" },
]

[[package]]
name = "uc-micro-py"
version = "1.0.3"
source = { registry = "https://pypi.org/simple" }
sdist = { url = "https://files.pythonhosted.org/packages/91/7a/146a99696aee0609e3712f2b44c6274566bc368dfe8375191278045186b8/uc-micro-py-1.0.3.tar.gz", hash = "sha256:d321b92cff673ec58027c04015fcaa8bb1e005478643ff4a500882eaab88c48a", size = 6043, upload-time = "2024-02-09T16:52:01.654Z" }
wheels = [
    { url = "https://files.pythonhosted.org/packages/37/87/1f677586e8ac487e29672e4b17455758fce261de06a0d086167bb760361a/uc_micro_py-1.0.3-py3-none-any.whl", hash = "sha256:db1dffff340817673d7b466ec86114a9dc0e9d4d9b5ba229d9d60e5c12600cd5", size = 6229, upload-time = "2024-02-09T16:52:00.371Z" },
]
